
Microsoft Visual Studio Solution File, Format Version 12.00
Project("{FAE04EC0-301F-11D3-BF4B-00C04F79EFBC}") = "AoC2022", "AoC2022\AoC2022.csproj", "{A50296FD-48EF-435A-AAF5-87E4AD53BEC6}"
EndProject
Global
	GlobalSection(SolutionConfigurationPlatforms) = preSolution
		Debug|Any CPU = Debug|Any CPU
		Release|Any CPU = Release|Any CPU
	EndGlobalSection
	GlobalSection(ProjectConfigurationPlatforms) = postSolution
		{A50296FD-48EF-435A-AAF5-87E4AD53BEC6}.Debug|Any CPU.ActiveCfg = Debug|Any CPU
		{A50296FD-48EF-435A-AAF5-87E4AD53BEC6}.Debug|Any CPU.Build.0 = Debug|Any CPU
		{A50296FD-48EF-435A-AAF5-87E4AD53BEC6}.Release|Any CPU.ActiveCfg = Release|Any CPU
		{A50296FD-48EF-435A-AAF5-87E4AD53BEC6}.Release|Any CPU.Build.0 = Release|Any CPU
	EndGlobalSection
EndGlobal
